
Microsoft Visual Studio Solution File, Format Version 12.00
# Visual Studio 2012
Project("{8BC9CEB8-8B4A-11D0-8D11-00A0C91BC942}") = "CreateDIRFragment", "CreateDIRFragment\CreateDIRFragment.vcxproj", "{B49D2FA6-AD2C-4815-BFB1-493CA6490007}"
EndProject
Global
	GlobalSection(SolutionConfigurationPlatforms) = preSolution
		Debug|Win32 = Debug|Win32
		Release|Win32 = Release|Win32
	EndGlobalSection
	GlobalSection(ProjectConfigurationPlatforms) = postSolution
		{B49D2FA6-AD2C-4815-BFB1-493CA6490007}.Debug|Win32.ActiveCfg = Debug|Win32
		{B49D2FA6-AD2C-4815-BFB1-493CA6490007}.Debug|Win32.Build.0 = Debug|Win32
		{B49D2FA6-AD2C-4815-BFB1-493CA6490007}.Release|Win32.ActiveCfg = Release|Win32
		{B49D2FA6-AD2C-4815-BFB1-493CA6490007}.Release|Win32.Build.0 = Release|Win32
	EndGlobalSection
	GlobalSection(SolutionProperties) = preSolution
		HideSolutionNode = FALSE
	EndGlobalSection
EndGlobal
